
Microsoft Visual Studio Solution File, Format Version 12.00
# Visual Studio Version 17
VisualStudioVersion = 17.0.31903.59
MinimumVisualStudioVersion = 10.0.40219.1
Project("{2150E333-8FDC-42A3-9474-1A3956D46DE8}") = "src", "src", "{827E0CD3-B72D-47B6-A68D-7590B98EB39B}"
EndProject
Project("{2150E333-8FDC-42A3-9474-1A3956D46DE8}") = "Domain", "Domain", "{8B290487-4C16-E85E-E807-F579CBE9FC4D}"
EndProject
Project("{FAE04EC0-301F-11D3-BF4B-00C04F79EFBC}") = "AICalendar.Domain", "src\Domain\AICalendar.Domain.csproj", "{6D5BF1CE-4443-4D1A-B167-F43935FED657}"
EndProject
Project("{FAE04EC0-301F-11D3-BF4B-00C04F79EFBC}") = "AICalendar.Application", "src\Application\AICalendar.Application.csproj", "{F079252E-4266-4DE7-85D8-9F6C924FAC0C}"
EndProject
Project("{FAE04EC0-301F-11D3-BF4B-00C04F79EFBC}") = "AICalendar.Infrastructure", "src\Infrastructure\AICalendar.Infrastructure.csproj", "{D79CCFCC-3552-4079-8536-B163E0C91F42}"
EndProject
Project("{FAE04EC0-301F-11D3-BF4B-00C04F79EFBC}") = "AICalendar.WebAPI", "src\WebAPI\AICalendar.WebAPI.csproj", "{ECD2AF45-10BA-4F90-978F-141390549A6F}"
EndProject
Project("{FAE04EC0-301F-11D3-BF4B-00C04F79EFBC}") = "AICalendar.MCPServer", "src\MCPServer\AICalendar.MCPServer.csproj", "{F537233D-DCD7-4B3A-904B-E7AB77C0D270}"
EndProject
Project("{2150E333-8FDC-42A3-9474-1A3956D46DE8}") = "tests", "tests", "{0AB3BF05-4346-4AA6-1389-037BE0695223}"
EndProject
Project("{2150E333-8FDC-42A3-9474-1A3956D46DE8}") = "Domain.Tests", "Domain.Tests", "{6689DE0C-BD34-81AE-B353-DE31FCF7888B}"
EndProject
Project("{FAE04EC0-301F-11D3-BF4B-00C04F79EFBC}") = "AICalendar.Domain.Tests", "tests\Domain.Tests\AICalendar.Domain.Tests.csproj", "{1B51E8D1-A55C-4F84-B9C9-ECE472B85C30}"
EndProject
Project("{FAE04EC0-301F-11D3-BF4B-00C04F79EFBC}") = "AICalendar.Application.Tests", "tests\Application.Tests\AICalendar.Application.Tests.csproj", "{3C3E6798-395F-456E-B393-2292FE4BF93F}"
EndProject
Project("{FAE04EC0-301F-11D3-BF4B-00C04F79EFBC}") = "AICalendar.Infrastructure.Tests", "tests\Infrastructure.Tests\AICalendar.Infrastructure.Tests.csproj", "{19842048-483F-4B8F-B3D5-EDB42A00580B}"
EndProject
Project("{FAE04EC0-301F-11D3-BF4B-00C04F79EFBC}") = "AICalendar.WebAPI.Tests", "tests\WebAPI.Tests\AICalendar.WebAPI.Tests.csproj", "{55C948AE-03D3-4403-B860-CD72775DA678}"
EndProject
Project("{FAE04EC0-301F-11D3-BF4B-00C04F79EFBC}") = "AICalendar.MCPServer.Tests", "tests\MCPServer.Tests\AICalendar.MCPServer.Tests.csproj", "{34B3348A-712E-4659-957C-15389F447959}"
EndProject
Global
	GlobalSection(SolutionConfigurationPlatforms) = preSolution
		Debug|Any CPU = Debug|Any CPU
		Debug|x64 = Debug|x64
		Debug|x86 = Debug|x86
		Release|Any CPU = Release|Any CPU
		Release|x64 = Release|x64
		Release|x86 = Release|x86
	EndGlobalSection
	GlobalSection(ProjectConfigurationPlatforms) = postSolution
		{6D5BF1CE-4443-4D1A-B167-F43935FED657}.Debug|Any CPU.ActiveCfg = Debug|Any CPU
		{6D5BF1CE-4443-4D1A-B167-F43935FED657}.Debug|Any CPU.Build.0 = Debug|Any CPU
		{6D5BF1CE-4443-4D1A-B167-F43935FED657}.Debug|x64.ActiveCfg = Debug|Any CPU
		{6D5BF1CE-4443-4D1A-B167-F43935FED657}.Debug|x64.Build.0 = Debug|Any CPU
		{6D5BF1CE-4443-4D1A-B167-F43935FED657}.Debug|x86.ActiveCfg = Debug|Any CPU
		{6D5BF1CE-4443-4D1A-B167-F43935FED657}.Debug|x86.Build.0 = Debug|Any CPU
		{6D5BF1CE-4443-4D1A-B167-F43935FED657}.Release|Any CPU.ActiveCfg = Release|Any CPU
		{6D5BF1CE-4443-4D1A-B167-F43935FED657}.Release|Any CPU.Build.0 = Release|Any CPU
		{6D5BF1CE-4443-4D1A-B167-F43935FED657}.Release|x64.ActiveCfg = Release|Any CPU
		{6D5BF1CE-4443-4D1A-B167-F43935FED657}.Release|x64.Build.0 = Release|Any CPU
		{6D5BF1CE-4443-4D1A-B167-F43935FED657}.Release|x86.ActiveCfg = Release|Any CPU
		{6D5BF1CE-4443-4D1A-B167-F43935FED657}.Release|x86.Build.0 = Release|Any CPU
		{F079252E-4266-4DE7-85D8-9F6C924FAC0C}.Debug|Any CPU.ActiveCfg = Debug|Any CPU
		{F079252E-4266-4DE7-85D8-9F6C924FAC0C}.Debug|Any CPU.Build.0 = Debug|Any CPU
		{F079252E-4266-4DE7-85D8-9F6C924FAC0C}.Debug|x64.ActiveCfg = Debug|Any CPU
		{F079252E-4266-4DE7-85D8-9F6C924FAC0C}.Debug|x64.Build.0 = Debug|Any CPU
		{F079252E-4266-4DE7-85D8-9F6C924FAC0C}.Debug|x86.ActiveCfg = Debug|Any CPU
		{F079252E-4266-4DE7-85D8-9F6C924FAC0C}.Debug|x86.Build.0 = Debug|Any CPU
		{F079252E-4266-4DE7-85D8-9F6C924FAC0C}.Release|Any CPU.ActiveCfg = Release|Any CPU
		{F079252E-4266-4DE7-85D8-9F6C924FAC0C}.Release|Any CPU.Build.0 = Release|Any CPU
		{F079252E-4266-4DE7-85D8-9F6C924FAC0C}.Release|x64.ActiveCfg = Release|Any CPU
		{F079252E-4266-4DE7-85D8-9F6C924FAC0C}.Release|x64.Build.0 = Release|Any CPU
		{F079252E-4266-4DE7-85D8-9F6C924FAC0C}.Release|x86.ActiveCfg = Release|Any CPU
		{F079252E-4266-4DE7-85D8-9F6C924FAC0C}.Release|x86.Build.0 = Release|Any CPU
		{D79CCFCC-3552-4079-8536-B163E0C91F42}.Debug|Any CPU.ActiveCfg = Debug|Any CPU
		{D79CCFCC-3552-4079-8536-B163E0C91F42}.Debug|Any CPU.Build.0 = Debug|Any CPU
		{D79CCFCC-3552-4079-8536-B163E0C91F42}.Debug|x64.ActiveCfg = Debug|Any CPU
		{D79CCFCC-3552-4079-8536-B163E0C91F42}.Debug|x64.Build.0 = Debug|Any CPU
		{D79CCFCC-3552-4079-8536-B163E0C91F42}.Debug|x86.ActiveCfg = Debug|Any CPU
		{D79CCFCC-3552-4079-8536-B163E0C91F42}.Debug|x86.Build.0 = Debug|Any CPU
		{D79CCFCC-3552-4079-8536-B163E0C91F42}.Release|Any CPU.ActiveCfg = Release|Any CPU
		{D79CCFCC-3552-4079-8536-B163E0C91F42}.Release|Any CPU.Build.0 = Release|Any CPU
		{D79CCFCC-3552-4079-8536-B163E0C91F42}.Release|x64.ActiveCfg = Release|Any CPU
		{D79CCFCC-3552-4079-8536-B163E0C91F42}.Release|x64.Build.0 = Release|Any CPU
		{D79CCFCC-3552-4079-8536-B163E0C91F42}.Release|x86.ActiveCfg = Release|Any CPU
		{D79CCFCC-3552-4079-8536-B163E0C91F42}.Release|x86.Build.0 = Release|Any CPU
		{ECD2AF45-10BA-4F90-978F-141390549A6F}.Debug|Any CPU.ActiveCfg = Debug|Any CPU
		{ECD2AF45-10BA-4F90-978F-141390549A6F}.Debug|Any CPU.Build.0 = Debug|Any CPU
		{ECD2AF45-10BA-4F90-978F-141390549A6F}.Debug|x64.ActiveCfg = Debug|Any CPU
		{ECD2AF45-10BA-4F90-978F-141390549A6F}.Debug|x64.Build.0 = Debug|Any CPU
		{ECD2AF45-10BA-4F90-978F-141390549A6F}.Debug|x86.ActiveCfg = Debug|Any CPU
		{ECD2AF45-10BA-4F90-978F-141390549A6F}.Debug|x86.Build.0 = Debug|Any CPU
		{ECD2AF45-10BA-4F90-978F-141390549A6F}.Release|Any CPU.ActiveCfg = Release|Any CPU
		{ECD2AF45-10BA-4F90-978F-141390549A6F}.Release|Any CPU.Build.0 = Release|Any CPU
		{ECD2AF45-10BA-4F90-978F-141390549A6F}.Release|x64.ActiveCfg = Release|Any CPU
		{ECD2AF45-10BA-4F90-978F-141390549A6F}.Release|x64.Build.0 = Release|Any CPU
		{ECD2AF45-10BA-4F90-978F-141390549A6F}.Release|x86.ActiveCfg = Release|Any CPU
		{ECD2AF45-10BA-4F90-978F-141390549A6F}.Release|x86.Build.0 = Release|Any CPU
		{F537233D-DCD7-4B3A-904B-E7AB77C0D270}.Debug|Any CPU.ActiveCfg = Debug|Any CPU
		{F537233D-DCD7-4B3A-904B-E7AB77C0D270}.Debug|Any CPU.Build.0 = Debug|Any CPU
		{F537233D-DCD7-4B3A-904B-E7AB77C0D270}.Debug|x64.ActiveCfg = Debug|Any CPU
		{F537233D-DCD7-4B3A-904B-E7AB77C0D270}.Debug|x64.Build.0 = Debug|Any CPU
		{F537233D-DCD7-4B3A-904B-E7AB77C0D270}.Debug|x86.ActiveCfg = Debug|Any CPU
		{F537233D-DCD7-4B3A-904B-E7AB77C0D270}.Debug|x86.Build.0 = Debug|Any CPU
		{F537233D-DCD7-4B3A-904B-E7AB77C0D270}.Release|Any CPU.ActiveCfg = Release|Any CPU
		{F537233D-DCD7-4B3A-904B-E7AB77C0D270}.Release|Any CPU.Build.0 = Release|Any CPU
		{F537233D-DCD7-4B3A-904B-E7AB77C0D270}.Release|x64.ActiveCfg = Release|Any CPU
		{F537233D-DCD7-4B3A-904B-E7AB77C0D270}.Release|x64.Build.0 = Release|Any CPU
		{F537233D-DCD7-4B3A-904B-E7AB77C0D270}.Release|x86.ActiveCfg = Release|Any CPU
		{F537233D-DCD7-4B3A-904B-E7AB77C0D270}.Release|x86.Build.0 = Release|Any CPU
		{1B51E8D1-A55C-4F84-B9C9-ECE472B85C30}.Debug|Any CPU.ActiveCfg = Debug|Any CPU
		{1B51E8D1-A55C-4F84-B9C9-ECE472B85C30}.Debug|Any CPU.Build.0 = Debug|Any CPU
		{1B51E8D1-A55C-4F84-B9C9-ECE472B85C30}.Debug|x64.ActiveCfg = Debug|Any CPU
		{1B51E8D1-A55C-4F84-B9C9-ECE472B85C30}.Debug|x64.Build.0 = Debug|Any CPU
		{1B51E8D1-A55C-4F84-B9C9-ECE472B85C30}.Debug|x86.ActiveCfg = Debug|Any CPU
		{1B51E8D1-A55C-4F84-B9C9-ECE472B85C30}.Debug|x86.Build.0 = Debug|Any CPU
		{1B51E8D1-A55C-4F84-B9C9-ECE472B85C30}.Release|Any CPU.ActiveCfg = Release|Any CPU
		{1B51E8D1-A55C-4F84-B9C9-ECE472B85C30}.Release|Any CPU.Build.0 = Release|Any CPU
		{1B51E8D1-A55C-4F84-B9C9-ECE472B85C30}.Release|x64.ActiveCfg = Release|Any CPU
		{1B51E8D1-A55C-4F84-B9C9-ECE472B85C30}.Release|x64.Build.0 = Release|Any CPU
		{1B51E8D1-A55C-4F84-B9C9-ECE472B85C30}.Release|x86.ActiveCfg = Release|Any CPU
		{1B51E8D1-A55C-4F84-B9C9-ECE472B85C30}.Release|x86.Build.0 = Release|Any CPU
		{3C3E6798-395F-456E-B393-2292FE4BF93F}.Debug|Any CPU.ActiveCfg = Debug|Any CPU
		{3C3E6798-395F-456E-B393-2292FE4BF93F}.Debug|Any CPU.Build.0 = Debug|Any CPU
		{3C3E6798-395F-456E-B393-2292FE4BF93F}.Debug|x64.ActiveCfg = Debug|Any CPU
		{3C3E6798-395F-456E-B393-2292FE4BF93F}.Debug|x64.Build.0 = Debug|Any CPU
		{3C3E6798-395F-456E-B393-2292FE4BF93F}.Debug|x86.ActiveCfg = Debug|Any CPU
		{3C3E6798-395F-456E-B393-2292FE4BF93F}.Debug|x86.Build.0 = Debug|Any CPU
		{3C3E6798-395F-456E-B393-2292FE4BF93F}.Release|Any CPU.ActiveCfg = Release|Any CPU
		{3C3E6798-395F-456E-B393-2292FE4BF93F}.Release|Any CPU.Build.0 = Release|Any CPU
		{3C3E6798-395F-456E-B393-2292FE4BF93F}.Release|x64.ActiveCfg = Release|Any CPU
		{3C3E6798-395F-456E-B393-2292FE4BF93F}.Release|x64.Build.0 = Release|Any CPU
		{3C3E6798-395F-456E-B393-2292FE4BF93F}.Release|x86.ActiveCfg = Release|Any CPU
		{3C3E6798-395F-456E-B393-2292FE4BF93F}.Release|x86.Build.0 = Release|Any CPU
		{19842048-483F-4B8F-B3D5-EDB42A00580B}.Debug|Any CPU.ActiveCfg = Debug|Any CPU
		{19842048-483F-4B8F-B3D5-EDB42A00580B}.Debug|Any CPU.Build.0 = Debug|Any CPU
		{19842048-483F-4B8F-B3D5-EDB42A00580B}.Debug|x64.ActiveCfg = Debug|Any CPU
		{19842048-483F-4B8F-B3D5-EDB42A00580B}.Debug|x64.Build.0 = Debug|Any CPU
		{19842048-483F-4B8F-B3D5-EDB42A00580B}.Debug|x86.ActiveCfg = Debug|Any CPU
		{19842048-483F-4B8F-B3D5-EDB42A00580B}.Debug|x86.Build.0 = Debug|Any CPU
		{19842048-483F-4B8F-B3D5-EDB42A00580B}.Release|Any CPU.ActiveCfg = Release|Any CPU
		{19842048-483F-4B8F-B3D5-EDB42A00580B}.Release|Any CPU.Build.0 = Release|Any CPU
		{19842048-483F-4B8F-B3D5-EDB42A00580B}.Release|x64.ActiveCfg = Release|Any CPU
		{19842048-483F-4B8F-B3D5-EDB42A00580B}.Release|x64.Build.0 = Release|Any CPU
		{19842048-483F-4B8F-B3D5-EDB42A00580B}.Release|x86.ActiveCfg = Release|Any CPU
		{19842048-483F-4B8F-B3D5-EDB42A00580B}.Release|x86.Build.0 = Release|Any CPU
		{55C948AE-03D3-4403-B860-CD72775DA678}.Debug|Any CPU.ActiveCfg = Debug|Any CPU
		{55C948AE-03D3-4403-B860-CD72775DA678}.Debug|Any CPU.Build.0 = Debug|Any CPU
		{55C948AE-03D3-4403-B860-CD72775DA678}.Debug|x64.ActiveCfg = Debug|Any CPU
		{55C948AE-03D3-4403-B860-CD72775DA678}.Debug|x64.Build.0 = Debug|Any CPU
		{55C948AE-03D3-4403-B860-CD72775DA678}.Debug|x86.ActiveCfg = Debug|Any CPU
		{55C948AE-03D3-4403-B860-CD72775DA678}.Debug|x86.Build.0 = Debug|Any CPU
		{55C948AE-03D3-4403-B860-CD72775DA678}.Release|Any CPU.ActiveCfg = Release|Any CPU
		{55C948AE-03D3-4403-B860-CD72775DA678}.Release|Any CPU.Build.0 = Release|Any CPU
		{55C948AE-03D3-4403-B860-CD72775DA678}.Release|x64.ActiveCfg = Release|Any CPU
		{55C948AE-03D3-4403-B860-CD72775DA678}.Release|x64.Build.0 = Release|Any CPU
		{55C948AE-03D3-4403-B860-CD72775DA678}.Release|x86.ActiveCfg = Release|Any CPU
		{55C948AE-03D3-4403-B860-CD72775DA678}.Release|x86.Build.0 = Release|Any CPU
		{34B3348A-712E-4659-957C-15389F447959}.Debug|Any CPU.ActiveCfg = Debug|Any CPU
		{34B3348A-712E-4659-957C-15389F447959}.Debug|Any CPU.Build.0 = Debug|Any CPU
		{34B3348A-712E-4659-957C-15389F447959}.Debug|x64.ActiveCfg = Debug|Any CPU
		{34B3348A-712E-4659-957C-15389F447959}.Debug|x64.Build.0 = Debug|Any CPU
		{34B3348A-712E-4659-957C-15389F447959}.Debug|x86.ActiveCfg = Debug|Any CPU
		{34B3348A-712E-4659-957C-15389F447959}.Debug|x86.Build.0 = Debug|Any CPU
		{34B3348A-712E-4659-957C-15389F447959}.Release|Any CPU.ActiveCfg = Release|Any CPU
		{34B3348A-712E-4659-957C-15389F447959}.Release|Any CPU.Build.0 = Release|Any CPU
		{34B3348A-712E-4659-957C-15389F447959}.Release|x64.ActiveCfg = Release|Any CPU
		{34B3348A-712E-4659-957C-15389F447959}.Release|x64.Build.0 = Release|Any CPU
		{34B3348A-712E-4659-957C-15389F447959}.Release|x86.ActiveCfg = Release|Any CPU
		{34B3348A-712E-4659-957C-15389F447959}.Release|x86.Build.0 = Release|Any CPU
	EndGlobalSection
	GlobalSection(SolutionProperties) = preSolution
		HideSolutionNode = FALSE
	EndGlobalSection
	GlobalSection(NestedProjects) = preSolution
		{8B290487-4C16-E85E-E807-F579CBE9FC4D} = {827E0CD3-B72D-47B6-A68D-7590B98EB39B}
		{6D5BF1CE-4443-4D1A-B167-F43935FED657} = {8B290487-4C16-E85E-E807-F579CBE9FC4D}
		{F079252E-4266-4DE7-85D8-9F6C924FAC0C} = {8B290487-4C16-E85E-E807-F579CBE9FC4D}
		{D79CCFCC-3552-4079-8536-B163E0C91F42} = {8B290487-4C16-E85E-E807-F579CBE9FC4D}
		{ECD2AF45-10BA-4F90-978F-141390549A6F} = {8B290487-4C16-E85E-E807-F579CBE9FC4D}
		{F537233D-DCD7-4B3A-904B-E7AB77C0D270} = {8B290487-4C16-E85E-E807-F579CBE9FC4D}
		{6689DE0C-BD34-81AE-B353-DE31FCF7888B} = {0AB3BF05-4346-4AA6-1389-037BE0695223}
		{1B51E8D1-A55C-4F84-B9C9-ECE472B85C30} = {6689DE0C-BD34-81AE-B353-DE31FCF7888B}
		{3C3E6798-395F-456E-B393-2292FE4BF93F} = {6689DE0C-BD34-81AE-B353-DE31FCF7888B}
		{19842048-483F-4B8F-B3D5-EDB42A00580B} = {6689DE0C-BD34-81AE-B353-DE31FCF7888B}
		{55C948AE-03D3-4403-B860-CD72775DA678} = {6689DE0C-BD34-81AE-B353-DE31FCF7888B}
		{34B3348A-712E-4659-957C-15389F447959} = {6689DE0C-BD34-81AE-B353-DE31FCF7888B}
	EndGlobalSection
EndGlobal
