Microsoft Visual Studio Solution File, Format Version 12.00
# Visual Studio Version 17
VisualStudioVersion = 17.8.0.0
MinimumVisualStudioVersion = 17.8.0.0
Project("{9A19103F-16F7-4668-BE54-9A1E7A4F7556}") = "AICalendar.AppHost.AppHost", "AICalendar.AppHost.AppHost\AICalendar.AppHost.AppHost.csproj", "{35D482FA-0352-4104-AAE9-386B9ABCD366}"
EndProject
Project("{9A19103F-16F7-4668-BE54-9A1E7A4F7556}") = "AICalendar.AppHost.ServiceDefaults", "AICalendar.AppHost.ServiceDefaults\AICalendar.AppHost.ServiceDefaults.csproj", "{CF99BF45-5F56-4580-A8DC-846474DB6CF7}"
EndProject
Project("{9A19103F-16F7-4668-BE54-9A1E7A4F7556}") = "AICalendar.AppHost.ApiService", "AICalendar.AppHost.ApiService\AICalendar.AppHost.ApiService.csproj", "{6AB05CFC-112A-4F63-ACEB-34AA49BE3A32}"
EndProject
Project("{9A19103F-16F7-4668-BE54-9A1E7A4F7556}") = "AICalendar.AppHost.Web", "AICalendar.AppHost.Web\AICalendar.AppHost.Web.csproj", "{84C1FA5F-CA4A-4177-BCA3-45C77B2E6134}"
EndProject
Global
	GlobalSection(SolutionConfigurationPlatforms) = preSolution
		Debug|Any CPU = Debug|Any CPU
		Release|Any CPU = Release|Any CPU
	EndGlobalSection
	GlobalSection(ProjectConfigurationPlatforms) = postSolution
		{35D482FA-0352-4104-AAE9-386B9ABCD366}.Debug|Any CPU.ActiveCfg = Debug|Any CPU
		{35D482FA-0352-4104-AAE9-386B9ABCD366}.Debug|Any CPU.Build.0 = Debug|Any CPU
		{35D482FA-0352-4104-AAE9-386B9ABCD366}.Release|Any CPU.ActiveCfg = Release|Any CPU
		{35D482FA-0352-4104-AAE9-386B9ABCD366}.Release|Any CPU.Build.0 = Release|Any CPU
		{CF99BF45-5F56-4580-A8DC-846474DB6CF7}.Debug|Any CPU.ActiveCfg = Debug|Any CPU
		{CF99BF45-5F56-4580-A8DC-846474DB6CF7}.Debug|Any CPU.Build.0 = Debug|Any CPU
		{CF99BF45-5F56-4580-A8DC-846474DB6CF7}.Release|Any CPU.ActiveCfg = Release|Any CPU
		{CF99BF45-5F56-4580-A8DC-846474DB6CF7}.Release|Any CPU.Build.0 = Release|Any CPU
		{6AB05CFC-112A-4F63-ACEB-34AA49BE3A32}.Debug|Any CPU.ActiveCfg = Debug|Any CPU
		{6AB05CFC-112A-4F63-ACEB-34AA49BE3A32}.Debug|Any CPU.Build.0 = Debug|Any CPU
		{6AB05CFC-112A-4F63-ACEB-34AA49BE3A32}.Release|Any CPU.ActiveCfg = Release|Any CPU
		{6AB05CFC-112A-4F63-ACEB-34AA49BE3A32}.Release|Any CPU.Build.0 = Release|Any CPU
		{84C1FA5F-CA4A-4177-BCA3-45C77B2E6134}.Debug|Any CPU.ActiveCfg = Debug|Any CPU
		{84C1FA5F-CA4A-4177-BCA3-45C77B2E6134}.Debug|Any CPU.Build.0 = Debug|Any CPU
		{84C1FA5F-CA4A-4177-BCA3-45C77B2E6134}.Release|Any CPU.ActiveCfg = Release|Any CPU
		{84C1FA5F-CA4A-4177-BCA3-45C77B2E6134}.Release|Any CPU.Build.0 = Release|Any CPU
	EndGlobalSection
	GlobalSection(SolutionProperties) = preSolution
		HideSolutionNode = FALSE
	EndGlobalSection
	GlobalSection(ExtensibilityGlobals) = postSolution
		SolutionGuid = {A74D814B-0EF8-40B1-B145-5275A60B4987}
	EndGlobalSection
EndGlobal
